{
    "_meta": {
        "hash": {
            "sha256": "a762c6d2c1cc1e30e2c5e973f5de7d412cab1f336c45a02dd32359d9d4ef0192"
        },
        "pipfile-spec": 6,
        "requires": {
            "python_version": "2.7"
        },
        "sources": [
            {
                "name": "pypi",
                "url": "https://pypi.org/simple",
                "verify_ssl": true
            }
        ]
    },
    "default": {
        "cython": {
            "hashes": [
                "sha256:019008a69e6b7c102f2ed3d733a288d1784363802b437dd2b91e6256b12746da",
                "sha256:1441fe19c56c90b8c2159d7b861c31a134d543ef7886fd82a5d267f9f11f35ac",
                "sha256:1d1a5e9d6ed415e75a676b72200ad67082242ec4d2d76eb7446da255ae72d3f7",
                "sha256:339f5b985de3662b1d6c69991ab46fdbdc736feb4ac903ef6b8c00e14d87f4d8",
                "sha256:35bdf3f48535891fee2eaade70e91d5b2cc1ee9fc2a551847c7ec18bce55a92c",
                "sha256:3d0afba0aec878639608f013045697fb0969ff60b3aea2daec771ea8d01ad112",
                "sha256:42c53786806e24569571a7a24ebe78ec6b364fe53e79a3f27eddd573cacd398f",
                "sha256:48b919da89614d201e72fbd8247b5ae8881e296cf968feb5595a015a14c67f1f",
                "sha256:49906e008eeb91912654a36c200566392bd448b87a529086694053a280f8af2d",
                "sha256:49fc01a7c9c4e3c1784e9a15d162c2cac3990fcc28728227a6f8f0837aabda7c",
                "sha256:501b671b639b9ca17ad303f8807deb1d0ff754d1dab106f2607d14b53cb0ff0b",
                "sha256:5574574142364804423ab4428bd331a05c65f7ecfd31ac97c936f0c720fe6a53",
                "sha256:6092239a772b3c6604be9e94b9ab4f0dacb7452e8ad299fd97eae0611355b679",
                "sha256:71ff5c7632501c4f60edb8a24fd0a772e04c5bdca2856d978d04271b63666ef7",
                "sha256:7dcf2ad14e25b05eda8bdd104f8c03a642a384aeefd25a5b51deac0826e646fa",
                "sha256:8ca3a99f5a7443a6a8f83a5d8fcc11854b44e6907e92ba8640d8a8f7b9085e21",
                "sha256:927da3b5710fb705aab173ad630b45a4a04c78e63dcd89411a065b2fe60e4770",
                "sha256:94916d1ede67682638d3cc0feb10648ff14dc51fb7a7f147f4fedce78eaaea97",
                "sha256:a3e5e5ca325527d312cdb12a4dab8b0459c458cad1c738c6f019d0d8d147081c",
                "sha256:a7716a98f0b9b8f61ddb2bae7997daf546ac8fc594be6ba397f4bde7d76bfc62",
                "sha256:acf10d1054de92af8d5bfc6620bb79b85f04c98214b4da7db77525bfa9fc2a89",
                "sha256:de46ffb67e723975f5acab101c5235747af1e84fbbc89bf3533e2ea93fb26947",
                "sha256:df428969154a9a4cd9748c7e6efd18432111fbea3d700f7376046c38c5e27081",
                "sha256:f5ebf24b599caf466f9da8c4115398d663b2567b89e92f58a835e9da4f74669f",
                "sha256:f79e45d5c122c4fb1fd54029bf1d475cecc05f4ed5b68136b0d6ec268bae68b6",
                "sha256:f7a43097d143bd7846ffba6d2d8cd1cc97f233318dbd0f50a235ea01297a096b",
                "sha256:fceb8271bc2fd3477094ca157c824e8ea840a7b393e89e766eea9a3b9ce7e0c6",
                "sha256:ff919ceb40259f5332db43803aa6c22ff487e86036ce3921ae04b9185efc99a4"
            ],
            "version": "==0.29"
        },
        "dynet": {
            "hashes": [
                "sha256:0e9522ac47a6aeb9a0b67588bd75d9e7c385623adb18dbc386588f8f1b88c82e",
                "sha256:17914f9e9cb3bcb264716944e596d675459d5f601dc17be920c37b749714937e",
                "sha256:1a51dbb6062d136a2208721ad8d857b1f350630f806efa06f97060a2910fbf26",
                "sha256:1b7cfcf83e5c304ca2bf217e6d3803eba7ba61f65a48aa862124dc252c441084",
                "sha256:1c516ef2014b9f83cf026c6c9c26881f1e903e976b2edc90053251abd30be23d",
                "sha256:20f3378ba2bcac12b412782721077bcdd7a5f15bcb6aad31198911b6c2a1ef8e",
                "sha256:2cf816aa74b5ccd02e6859a05c5f99388d037b751088d204ffec51b84d2dfb71",
                "sha256:307af5abeebe22189c8113a61a3dae7984c167e2408a68d99c2c71600e913a11",
                "sha256:56b95e6ea514a0fc9d74dfca58db52046cccf279a64c46e048bfcf289981e515",
                "sha256:58277bd5101a9726a738e421e386ee8765bd04abbad289161dc9ae22dc47e722",
                "sha256:6dfff819f2f0b49900474380374307192a9e03d9cb8ef59479b29afe890dae47",
                "sha256:7a4112253a6320ff0fb61dbb5a0ba8754a6aaa85f8977041dd4911308dd03265",
                "sha256:87031e4f8966bfb167e897fbeca2cc4499a56e6039f044fd1e67bf5b3b988d79",
                "sha256:9c14720cd676222a09a55f6ae17cd1c25bb4ed9ceaf808a6725fa3c97df018f7",
                "sha256:a7a74aeea249d50c366fe078d3ce04f8929a1e5187fc669fd90a981d81eda089",
                "sha256:afa8f55677e067cf893b36fe69b22c328ac3a47be3073023ec0d305a610ef92b",
                "sha256:b0292e9e06b10711424d924b579786b2eeb08f18150b3f5164efb1d594ff1d27",
                "sha256:d0f58aaf3926da24baba6e3e76cb3d090c8b6d359196ce138b11faa291b2ec07",
                "sha256:d3e86e215176bc4d2e4140127f4d682ad3df74843fe31f4534e12b3011b5f33c",
                "sha256:e47fb9574e7b75a4b6bea0f9dd466c0222862f78479abc7e969b14abf2ababb3",
                "sha256:f52b3add5c2c64220976ee91a86d2842d79260e43b1c5479c1c05e45453dc4a9"
            ],
            "index": "pypi",
            "version": "==2.1"
        },
        "numpy": {
            "hashes": [
                "sha256:032df9b6571c5f1d41ea6f6a189223208cb488990373aa686aca55570fcccb42",
                "sha256:094f8a83e5bd0a44a7557fa24a46db6ba7d5299c389ddbc9e0e18722f567fb63",
                "sha256:1c0c80e74759fa4942298044274f2c11b08c86230b25b8b819e55e644f5ff2b6",
                "sha256:2aa0910eaeb603b1a5598193cc3bc8eacf1baf6c95cbc3955eb8e15fa380c133",
                "sha256:2f5ebc7a04885c7d69e5daa05208faef4db7f1ae6a99f4d36962df8cd54cdc76",
                "sha256:32a07241cb624e104b88b08dea2851bf4ec5d65a1f599d7735041ced7171fd7a",
                "sha256:3c7959f750b54b445f14962a3ddc41b9eadbab00b86da55fbb1967b2b79aad10",
                "sha256:3d8f9273c763a139a99e65c2a3c10f1109df30bedae7f011b10d95c538364704",
                "sha256:63bca71691339d2d6f8a7c970821f2b12098a53afccc0190d4e1555e75e5223a",
                "sha256:7ae9c3baff3b989859c88e0168ad10902118595b996bf781eaf011bb72428798",
                "sha256:866a7c8774ccc7d603667fad95456b4cf56d79a2bb5a7648ac9f0082e0b9416e",
                "sha256:8bc4b92a273659e44ca3f3a2f8786cfa39d8302223bcfe7df794429c63d5f5a1",
                "sha256:919f65e0732195474897b1cafefb4d4e7c2bb8174a725e506b62e9096e4df28d",
                "sha256:9d1598573d310104acb90377f0a8c2319f737084689f5eb18012becaf345cda5",
                "sha256:9fff90c88bfaad2901be50453d5cd7897a826c1d901f0654ee1d73ab3a48cd18",
                "sha256:a245464ddf6d90e2d6287e9cef6bcfda2a99467fdcf1b677b99cd0b6c7b43de2",
                "sha256:a988db28f54e104a01e8573ceb6f28202b4c15635b1450b2e3b2b822c6564f9b",
                "sha256:b12fe6f31babb9477aa0f9692730654b3ee0e71f33b4568170dfafd439caf0a2",
                "sha256:b7599ff4acd23f5de983e3aec772153b1043e131487a5c6ad0f94b41a828877a",
                "sha256:c9f4dafd6065c4c782be84cd67ceeb9b1d4380af60a7af32be10ebecd723385e",
                "sha256:ce3622b73ccd844ba301c1aea65d36cf9d8331e7c25c16b1725d0f14db99aaf4",
                "sha256:d0f36a24cf8061a2c03e151be3418146717505b9b4ec17502fa3bbdb04ec1431",
                "sha256:d263f8f14f2da0c079c0297e829e550d8f2c4e0ffef215506bd1d0ddd2bff3de",
                "sha256:d8837ff272800668aabdfe70b966631914b0d6513aed4fc1b1428446f771834d",
                "sha256:ef694fe72a3995aa778a5095bda946e0d31f7efabd5e8063ad8c6238ab7d3f78",
                "sha256:f1fd1a6f40a501ba4035f5ed2c1f4faa68245d1407bf97d2ee401e4f23d1720b",
                "sha256:fa337b6bd5fe2b8c4e705f4102186feb9985de9bb8536d32d5129a658f1789e0",
                "sha256:febd31cd0d2fd2509ca2ec53cb339f8bf593c1bd245b9fc55c1917a68532a0af"
            ],
            "index": "pypi",
            "version": "==1.15.3"
        }
    },
    "develop": {}
}
